
Microsoft Visual Studio Solution File, Format Version 12.00
# Visual Studio Version 16
VisualStudioVersion = 16.0.31205.134
MinimumVisualStudioVersion = 10.0.40219.1
Project("{9A19103F-16F7-4668-BE54-9A1E7A4F7556}") = "WpfApp2", "WpfApp2\WpfApp2.csproj", "{9A66220F-09CC-4E44-A603-E6FA01DF03E9}"
EndProject
Project("{9A19103F-16F7-4668-BE54-9A1E7A4F7556}") = "MMVM", "MMVM\MMVM.csproj", "{6D18DF2C-6C80-4DAC-B06D-4C8FCAE40F13}"
EndProject
Project("{FAE04EC0-301F-11D3-BF4B-00C04F79EFBC}") = "SrnClient", "SrnClient\SrnClient.csproj", "{36AE4B5A-AD77-44FF-A9FF-7391A38BEA70}"
EndProject
Global
	GlobalSection(SolutionConfigurationPlatforms) = preSolution
		Debug|Any CPU = Debug|Any CPU
		Release|Any CPU = Release|Any CPU
	EndGlobalSection
	GlobalSection(ProjectConfigurationPlatforms) = postSolution
		{9A66220F-09CC-4E44-A603-E6FA01DF03E9}.Debug|Any CPU.ActiveCfg = Debug|Any CPU
		{9A66220F-09CC-4E44-A603-E6FA01DF03E9}.Debug|Any CPU.Build.0 = Debug|Any CPU
		{9A66220F-09CC-4E44-A603-E6FA01DF03E9}.Release|Any CPU.ActiveCfg = Release|Any CPU
		{9A66220F-09CC-4E44-A603-E6FA01DF03E9}.Release|Any CPU.Build.0 = Release|Any CPU
		{6D18DF2C-6C80-4DAC-B06D-4C8FCAE40F13}.Debug|Any CPU.ActiveCfg = Debug|Any CPU
		{6D18DF2C-6C80-4DAC-B06D-4C8FCAE40F13}.Debug|Any CPU.Build.0 = Debug|Any CPU
		{6D18DF2C-6C80-4DAC-B06D-4C8FCAE40F13}.Release|Any CPU.ActiveCfg = Release|Any CPU
		{6D18DF2C-6C80-4DAC-B06D-4C8FCAE40F13}.Release|Any CPU.Build.0 = Release|Any CPU
		{36AE4B5A-AD77-44FF-A9FF-7391A38BEA70}.Debug|Any CPU.ActiveCfg = Debug|Any CPU
		{36AE4B5A-AD77-44FF-A9FF-7391A38BEA70}.Debug|Any CPU.Build.0 = Debug|Any CPU
		{36AE4B5A-AD77-44FF-A9FF-7391A38BEA70}.Release|Any CPU.ActiveCfg = Release|Any CPU
		{36AE4B5A-AD77-44FF-A9FF-7391A38BEA70}.Release|Any CPU.Build.0 = Release|Any CPU
	EndGlobalSection
	GlobalSection(SolutionProperties) = preSolution
		HideSolutionNode = FALSE
	EndGlobalSection
	GlobalSection(ExtensibilityGlobals) = postSolution
		SolutionGuid = {EFE4C6CE-861F-42E7-8872-283B58963430}
	EndGlobalSection
EndGlobal
